
Microsoft Visual Studio Solution File, Format Version 12.00
# Visual Studio 15
VisualStudioVersion = 15.0.27428.2037
MinimumVisualStudioVersion = 10.0.40219.1
Project("{2150E333-8FDC-42A3-9474-1A3956D46DE8}") = "src", "src", "{30017708-49E0-4C5C-8396-EBE9EA8F28BD}"
EndProject
Project("{9A19103F-16F7-4668-BE54-9A1E7A4F7556}") = "Places.Domain", "src\Places.Domain\Places.Domain.csproj", "{0E2F24FC-D008-42AF-AB92-3D31462FD92F}"
EndProject
Project("{9A19103F-16F7-4668-BE54-9A1E7A4F7556}") = "Places.BLL", "src\Places.BLL\Places.BLL.csproj", "{02029CEF-DDAE-4890-85C2-A773E2D6B5F7}"
EndProject
Project("{9A19103F-16F7-4668-BE54-9A1E7A4F7556}") = "Places.DAL", "src\Places.DAL\Places.DAL.csproj", "{4340C585-B59E-4906-9826-13454D9BAA6B}"
EndProject
Project("{9A19103F-16F7-4668-BE54-9A1E7A4F7556}") = "Places.DTO", "src\Places.DTO\Places.DTO.csproj", "{D67C7C70-6184-4E57-86F6-5AAD0DDB3D8F}"
EndProject
Project("{9A19103F-16F7-4668-BE54-9A1E7A4F7556}") = "Places.Web", "src\Places.Web\Places.Web.csproj", "{3FFFA465-36AD-4E23-8612-6D84903F7470}"
EndProject
Global
	GlobalSection(SolutionConfigurationPlatforms) = preSolution
		Debug|Any CPU = Debug|Any CPU
		Release|Any CPU = Release|Any CPU
	EndGlobalSection
	GlobalSection(ProjectConfigurationPlatforms) = postSolution
		{0E2F24FC-D008-42AF-AB92-3D31462FD92F}.Debug|Any CPU.ActiveCfg = Debug|Any CPU
		{0E2F24FC-D008-42AF-AB92-3D31462FD92F}.Debug|Any CPU.Build.0 = Debug|Any CPU
		{0E2F24FC-D008-42AF-AB92-3D31462FD92F}.Release|Any CPU.ActiveCfg = Release|Any CPU
		{0E2F24FC-D008-42AF-AB92-3D31462FD92F}.Release|Any CPU.Build.0 = Release|Any CPU
		{02029CEF-DDAE-4890-85C2-A773E2D6B5F7}.Debug|Any CPU.ActiveCfg = Debug|Any CPU
		{02029CEF-DDAE-4890-85C2-A773E2D6B5F7}.Debug|Any CPU.Build.0 = Debug|Any CPU
		{02029CEF-DDAE-4890-85C2-A773E2D6B5F7}.Release|Any CPU.ActiveCfg = Release|Any CPU
		{02029CEF-DDAE-4890-85C2-A773E2D6B5F7}.Release|Any CPU.Build.0 = Release|Any CPU
		{4340C585-B59E-4906-9826-13454D9BAA6B}.Debug|Any CPU.ActiveCfg = Debug|Any CPU
		{4340C585-B59E-4906-9826-13454D9BAA6B}.Debug|Any CPU.Build.0 = Debug|Any CPU
		{4340C585-B59E-4906-9826-13454D9BAA6B}.Release|Any CPU.ActiveCfg = Release|Any CPU
		{4340C585-B59E-4906-9826-13454D9BAA6B}.Release|Any CPU.Build.0 = Release|Any CPU
		{D67C7C70-6184-4E57-86F6-5AAD0DDB3D8F}.Debug|Any CPU.ActiveCfg = Debug|Any CPU
		{D67C7C70-6184-4E57-86F6-5AAD0DDB3D8F}.Debug|Any CPU.Build.0 = Debug|Any CPU
		{D67C7C70-6184-4E57-86F6-5AAD0DDB3D8F}.Release|Any CPU.ActiveCfg = Release|Any CPU
		{D67C7C70-6184-4E57-86F6-5AAD0DDB3D8F}.Release|Any CPU.Build.0 = Release|Any CPU
		{3FFFA465-36AD-4E23-8612-6D84903F7470}.Debug|Any CPU.ActiveCfg = Debug|Any CPU
		{3FFFA465-36AD-4E23-8612-6D84903F7470}.Debug|Any CPU.Build.0 = Debug|Any CPU
		{3FFFA465-36AD-4E23-8612-6D84903F7470}.Release|Any CPU.ActiveCfg = Release|Any CPU
		{3FFFA465-36AD-4E23-8612-6D84903F7470}.Release|Any CPU.Build.0 = Release|Any CPU
	EndGlobalSection
	GlobalSection(SolutionProperties) = preSolution
		HideSolutionNode = FALSE
	EndGlobalSection
	GlobalSection(NestedProjects) = preSolution
		{0E2F24FC-D008-42AF-AB92-3D31462FD92F} = {30017708-49E0-4C5C-8396-EBE9EA8F28BD}
		{02029CEF-DDAE-4890-85C2-A773E2D6B5F7} = {30017708-49E0-4C5C-8396-EBE9EA8F28BD}
		{4340C585-B59E-4906-9826-13454D9BAA6B} = {30017708-49E0-4C5C-8396-EBE9EA8F28BD}
		{D67C7C70-6184-4E57-86F6-5AAD0DDB3D8F} = {30017708-49E0-4C5C-8396-EBE9EA8F28BD}
		{3FFFA465-36AD-4E23-8612-6D84903F7470} = {30017708-49E0-4C5C-8396-EBE9EA8F28BD}
	EndGlobalSection
	GlobalSection(ExtensibilityGlobals) = postSolution
		SolutionGuid = {AFDA29ED-F3CB-45B1-9F55-EB761F6239A0}
	EndGlobalSection
EndGlobal
